
Microsoft Visual Studio Solution File, Format Version 12.00
# Visual Studio Version 17
VisualStudioVersion = 17.0.32126.317
MinimumVisualStudioVersion = 10.0.40219.1
Project("{FAE04EC0-301F-11D3-BF4B-00C04F79EFBC}") = "99Bottles", "99Bottles.csproj", "{D3FB2D49-BB35-4D62-B331-434A7A734A4D}"
EndProject
Global
	GlobalSection(SolutionConfigurationPlatforms) = preSolution
		Debug|Any CPU = Debug|Any CPU
		Release|Any CPU = Release|Any CPU
	EndGlobalSection
	GlobalSection(ProjectConfigurationPlatforms) = postSolution
		{D3FB2D49-BB35-4D62-B331-434A7A734A4D}.Debug|Any CPU.ActiveCfg = Debug|Any CPU
		{D3FB2D49-BB35-4D62-B331-434A7A734A4D}.Debug|Any CPU.Build.0 = Debug|Any CPU
		{D3FB2D49-BB35-4D62-B331-434A7A734A4D}.Release|Any CPU.ActiveCfg = Release|Any CPU
		{D3FB2D49-BB35-4D62-B331-434A7A734A4D}.Release|Any CPU.Build.0 = Release|Any CPU
	EndGlobalSection
	GlobalSection(SolutionProperties) = preSolution
		HideSolutionNode = FALSE
	EndGlobalSection
	GlobalSection(ExtensibilityGlobals) = postSolution
		SolutionGuid = {BCF21ABC-91FE-4C0F-A918-ED735D5DCDF6}
	EndGlobalSection
EndGlobal
